// !$*UTF8*$!
{
	archiveVersion = 1;
	classes = {
	};
	objectVersion = 56;
	objects = {

/* Begin PBXBuildFile section */
		5F20CEEB2A7AC18F005230BC /* AppDelegate.swift in Sources */ = {isa = PBXBuildFile; fileRef = 5F20CEEA2A7AC18F005230BC /* AppDelegate.swift */; };
		5F20CEED2A7AC42B005230BC /* NotificationManager.swift in Sources */ = {isa = PBXBuildFile; fileRef = 5F20CEEC2A7AC42B005230BC /* NotificationManager.swift */; };
		5F4A080D2A55A24D009D1AED /* AddCalendarSheetView.swift in Sources */ = {isa = PBXBuildFile; fileRef = 5F4A080C2A55A24D009D1AED /* AddCalendarSheetView.swift */; };
		5FE7AADF2A56C54500C03E3F /* HabitModel.swift in Sources */ = {isa = PBXBuildFile; fileRef = 5FE7AADE2A56C54500C03E3F /* HabitModel.swift */; };
		5FFA70762A5573DC006B313F /* AddToDoSheetView.swift in Sources */ = {isa = PBXBuildFile; fileRef = 5FFA70752A5573DC006B313F /* AddToDoSheetView.swift */; };
		5FFA70782A5577D7006B313F /* AddHabitSheetView.swift in Sources */ = {isa = PBXBuildFile; fileRef = 5FFA70772A5577D7006B313F /* AddHabitSheetView.swift */; };
		A51F03182A70A48200210E38 /* TabBarView.swift in Sources */ = {isa = PBXBuildFile; fileRef = A51F03172A70A48200210E38 /* TabBarView.swift */; };
		A51F031B2A70A53400210E38 /* TabItemData.swift in Sources */ = {isa = PBXBuildFile; fileRef = A51F031A2A70A53400210E38 /* TabItemData.swift */; };
		A51F031D2A70A62400210E38 /* TabItemView.swift in Sources */ = {isa = PBXBuildFile; fileRef = A51F031C2A70A62400210E38 /* TabItemView.swift */; };
		A53384842A40CE210057F231 /* Habit_Flow_V2App.swift in Sources */ = {isa = PBXBuildFile; fileRef = A53384832A40CE210057F231 /* Habit_Flow_V2App.swift */; };
		A53384862A40CE210057F231 /* ContentView.swift in Sources */ = {isa = PBXBuildFile; fileRef = A53384852A40CE210057F231 /* ContentView.swift */; };
		A53384882A40CE250057F231 /* Assets.xcassets in Resources */ = {isa = PBXBuildFile; fileRef = A53384872A40CE250057F231 /* Assets.xcassets */; };
		A533848B2A40CE250057F231 /* Preview Assets.xcassets in Resources */ = {isa = PBXBuildFile; fileRef = A533848A2A40CE250057F231 /* Preview Assets.xcassets */; };
		A53384952A40CE260057F231 /* Habit_Flow_V2Tests.swift in Sources */ = {isa = PBXBuildFile; fileRef = A53384942A40CE260057F231 /* Habit_Flow_V2Tests.swift */; };
		A533849F2A40CE260057F231 /* Habit_Flow_V2UITests.swift in Sources */ = {isa = PBXBuildFile; fileRef = A533849E2A40CE260057F231 /* Habit_Flow_V2UITests.swift */; };
		A53384A12A40CE260057F231 /* Habit_Flow_V2UITestsLaunchTests.swift in Sources */ = {isa = PBXBuildFile; fileRef = A53384A02A40CE260057F231 /* Habit_Flow_V2UITestsLaunchTests.swift */; };
		A53384AF2A40CEA70057F231 /* Model.xcdatamodeld in Sources */ = {isa = PBXBuildFile; fileRef = A53384AD2A40CEA70057F231 /* Model.xcdatamodeld */; };
		A53384B12A40CF3D0057F231 /* DataController.swift in Sources */ = {isa = PBXBuildFile; fileRef = A53384B02A40CF3D0057F231 /* DataController.swift */; };
		A53384B42A40E9A60057F231 /* ToDosViewModel.swift in Sources */ = {isa = PBXBuildFile; fileRef = A53384B32A40E9A60057F231 /* ToDosViewModel.swift */; };
		A53384B72A40F2080057F231 /* NavigationBarView.swift in Sources */ = {isa = PBXBuildFile; fileRef = A53384B62A40F2080057F231 /* NavigationBarView.swift */; };
		A53384BA2A40F23C0057F231 /* HomeView.swift in Sources */ = {isa = PBXBuildFile; fileRef = A53384B92A40F23C0057F231 /* HomeView.swift */; };
		A53384BC2A40F2AA0057F231 /* DailyHabitsComponent.swift in Sources */ = {isa = PBXBuildFile; fileRef = A53384BB2A40F2AA0057F231 /* DailyHabitsComponent.swift */; };
		A53384C12A40F3340057F231 /* CalendarView.swift in Sources */ = {isa = PBXBuildFile; fileRef = A53384C02A40F3340057F231 /* CalendarView.swift */; };
		A53384C42A40F3FA0057F231 /* PrimaryButton.swift in Sources */ = {isa = PBXBuildFile; fileRef = A53384C32A40F3FA0057F231 /* PrimaryButton.swift */; };
		A53384C92A40F7860057F231 /* ItemModel.swift in Sources */ = {isa = PBXBuildFile; fileRef = A53384C82A40F7860057F231 /* ItemModel.swift */; };
		A53384CB2A40F8110057F231 /* CircularProgressView.swift in Sources */ = {isa = PBXBuildFile; fileRef = A53384CA2A40F8110057F231 /* CircularProgressView.swift */; };
		A53384CE2A40F8E40057F231 /* HabitView.swift in Sources */ = {isa = PBXBuildFile; fileRef = A53384CD2A40F8E40057F231 /* HabitView.swift */; };
		A53384D12A40F98F0057F231 /* ToDoListView.swift in Sources */ = {isa = PBXBuildFile; fileRef = A53384D02A40F98F0057F231 /* ToDoListView.swift */; };
		A53384D32A40F9B90057F231 /* ListRowView.swift in Sources */ = {isa = PBXBuildFile; fileRef = A53384D22A40F9B90057F231 /* ListRowView.swift */; };
		A53384EF2A4104130057F231 /* ToDo+CoreDataClass.swift in Sources */ = {isa = PBXBuildFile; fileRef = A53384E72A4104130057F231 /* ToDo+CoreDataClass.swift */; };
		A53384F02A4104130057F231 /* ToDo+CoreDataProperties.swift in Sources */ = {isa = PBXBuildFile; fileRef = A53384E82A4104130057F231 /* ToDo+CoreDataProperties.swift */; };
		A53384F12A4104130057F231 /* Appointment+CoreDataClass.swift in Sources */ = {isa = PBXBuildFile; fileRef = A53384E92A4104130057F231 /* Appointment+CoreDataClass.swift */; };
		A53384F22A4104130057F231 /* Appointment+CoreDataProperties.swift in Sources */ = {isa = PBXBuildFile; fileRef = A53384EA2A4104130057F231 /* Appointment+CoreDataProperties.swift */; };
		A53384F32A4104130057F231 /* User+CoreDataClass.swift in Sources */ = {isa = PBXBuildFile; fileRef = A53384EB2A4104130057F231 /* User+CoreDataClass.swift */; };
		A53384F42A4104130057F231 /* User+CoreDataProperties.swift in Sources */ = {isa = PBXBuildFile; fileRef = A53384EC2A4104130057F231 /* User+CoreDataProperties.swift */; };
		A53A41312A41161F008D64D2 /* ToDoTodayComponent.swift in Sources */ = {isa = PBXBuildFile; fileRef = A53A41302A41161E008D64D2 /* ToDoTodayComponent.swift */; };
		A53A41332A41170A008D64D2 /* WeeklyOverview.swift in Sources */ = {isa = PBXBuildFile; fileRef = A53A41322A41170A008D64D2 /* WeeklyOverview.swift */; };
		A53A41352A412D3C008D64D2 /* HabitViewModel.swift in Sources */ = {isa = PBXBuildFile; fileRef = A53A41342A412D3C008D64D2 /* HabitViewModel.swift */; };
		A59693612A43C3D6003CF220 /* NavigationBarViewModel.swift in Sources */ = {isa = PBXBuildFile; fileRef = A59693602A43C3D6003CF220 /* NavigationBarViewModel.swift */; };
		A59693632A43CB23003CF220 /* CalendarViewModel.swift in Sources */ = {isa = PBXBuildFile; fileRef = A59693622A43CB23003CF220 /* CalendarViewModel.swift */; };
		A5B493E62A77E9010055B140 /* SingleTodayToDo.swift in Sources */ = {isa = PBXBuildFile; fileRef = A5B493E52A77E9010055B140 /* SingleTodayToDo.swift */; };
		A5B9707E2A70501D0039A193 /* HabitTile.swift in Sources */ = {isa = PBXBuildFile; fileRef = A5B9707D2A70501D0039A193 /* HabitTile.swift */; };
		A5DAC60F2A7952BD00BD4CAA /* Habit+CoreDataClass.swift in Sources */ = {isa = PBXBuildFile; fileRef = A5DAC60D2A7952BD00BD4CAA /* Habit+CoreDataClass.swift */; };
		A5DAC6102A7952BD00BD4CAA /* Habit+CoreDataProperties.swift in Sources */ = {isa = PBXBuildFile; fileRef = A5DAC60E2A7952BD00BD4CAA /* Habit+CoreDataProperties.swift */; };
		C5043B332A76BAF2008A5CC2 /* WeekPicker.swift in Sources */ = {isa = PBXBuildFile; fileRef = C5043B322A76BAF2008A5CC2 /* WeekPicker.swift */; };
		C5043B372A770A7F008A5CC2 /* TestView.swift in Sources */ = {isa = PBXBuildFile; fileRef = C5043B362A770A7F008A5CC2 /* TestView.swift */; };
		C537D7442A781E4A006F2D61 /* CircularMonthProgressView.swift in Sources */ = {isa = PBXBuildFile; fileRef = C537D7432A781E4A006F2D61 /* CircularMonthProgressView.swift */; };
		C537D7462A783AED006F2D61 /* CircularYearProgressView.swift in Sources */ = {isa = PBXBuildFile; fileRef = C537D7452A783AED006F2D61 /* CircularYearProgressView.swift */; };
		C5444A2D2A560F23002D05EA /* CalenderList.swift in Sources */ = {isa = PBXBuildFile; fileRef = C5444A2C2A560F23002D05EA /* CalenderList.swift */; };
		C56DB1172A844F3200F5D1FE /* EditHabitSheetView.swift in Sources */ = {isa = PBXBuildFile; fileRef = C56DB1162A844F3200F5D1FE /* EditHabitSheetView.swift */; };
/* End PBXBuildFile section */

/* Begin PBXContainerItemProxy section */
		A53384912A40CE260057F231 /* PBXContainerItemProxy */ = {
			isa = PBXContainerItemProxy;
			containerPortal = A53384782A40CE210057F231 /* Project object */;
			proxyType = 1;
			remoteGlobalIDString = A533847F2A40CE210057F231;
			remoteInfo = Habit_Flow_V2;
		};
		A533849B2A40CE260057F231 /* PBXContainerItemProxy */ = {
			isa = PBXContainerItemProxy;
			containerPortal = A53384782A40CE210057F231 /* Project object */;
			proxyType = 1;
			remoteGlobalIDString = A533847F2A40CE210057F231;
			remoteInfo = Habit_Flow_V2;
		};
/* End PBXContainerItemProxy section */

/* Begin PBXFileReference section */
		5F20CEEA2A7AC18F005230BC /* AppDelegate.swift */ = {isa = PBXFileReference; lastKnownFileType = sourcecode.swift; path = AppDelegate.swift; sourceTree = "<group>"; };
		5F20CEEC2A7AC42B005230BC /* NotificationManager.swift */ = {isa = PBXFileReference; lastKnownFileType = sourcecode.swift; path = NotificationManager.swift; sourceTree = "<group>"; };
		5F4A080C2A55A24D009D1AED /* AddCalendarSheetView.swift */ = {isa = PBXFileReference; lastKnownFileType = sourcecode.swift; path = AddCalendarSheetView.swift; sourceTree = "<group>"; };
		5FE7AADE2A56C54500C03E3F /* HabitModel.swift */ = {isa = PBXFileReference; lastKnownFileType = sourcecode.swift; path = HabitModel.swift; sourceTree = "<group>"; };
		5FFA70752A5573DC006B313F /* AddToDoSheetView.swift */ = {isa = PBXFileReference; lastKnownFileType = sourcecode.swift; path = AddToDoSheetView.swift; sourceTree = "<group>"; };
		5FFA70772A5577D7006B313F /* AddHabitSheetView.swift */ = {isa = PBXFileReference; lastKnownFileType = sourcecode.swift; path = AddHabitSheetView.swift; sourceTree = "<group>"; };
		A51F03172A70A48200210E38 /* TabBarView.swift */ = {isa = PBXFileReference; lastKnownFileType = sourcecode.swift; path = TabBarView.swift; sourceTree = "<group>"; };
		A51F031A2A70A53400210E38 /* TabItemData.swift */ = {isa = PBXFileReference; lastKnownFileType = sourcecode.swift; path = TabItemData.swift; sourceTree = "<group>"; };
		A51F031C2A70A62400210E38 /* TabItemView.swift */ = {isa = PBXFileReference; lastKnownFileType = sourcecode.swift; path = TabItemView.swift; sourceTree = "<group>"; };
		A53384802A40CE210057F231 /* Habit_Flow_V2.app */ = {isa = PBXFileReference; explicitFileType = wrapper.application; includeInIndex = 0; path = Habit_Flow_V2.app; sourceTree = BUILT_PRODUCTS_DIR; };
		A53384832A40CE210057F231 /* Habit_Flow_V2App.swift */ = {isa = PBXFileReference; lastKnownFileType = sourcecode.swift; path = Habit_Flow_V2App.swift; sourceTree = "<group>"; };
		A53384852A40CE210057F231 /* ContentView.swift */ = {isa = PBXFileReference; lastKnownFileType = sourcecode.swift; path = ContentView.swift; sourceTree = "<group>"; };
		A53384872A40CE250057F231 /* Assets.xcassets */ = {isa = PBXFileReference; lastKnownFileType = folder.assetcatalog; path = Assets.xcassets; sourceTree = "<group>"; };
		A533848A2A40CE250057F231 /* Preview Assets.xcassets */ = {isa = PBXFileReference; lastKnownFileType = folder.assetcatalog; path = "Preview Assets.xcassets"; sourceTree = "<group>"; };
		A53384902A40CE260057F231 /* Habit_Flow_V2Tests.xctest */ = {isa = PBXFileReference; explicitFileType = wrapper.cfbundle; includeInIndex = 0; path = Habit_Flow_V2Tests.xctest; sourceTree = BUILT_PRODUCTS_DIR; };
		A53384942A40CE260057F231 /* Habit_Flow_V2Tests.swift */ = {isa = PBXFileReference; lastKnownFileType = sourcecode.swift; path = Habit_Flow_V2Tests.swift; sourceTree = "<group>"; };
		A533849A2A40CE260057F231 /* Habit_Flow_V2UITests.xctest */ = {isa = PBXFileReference; explicitFileType = wrapper.cfbundle; includeInIndex = 0; path = Habit_Flow_V2UITests.xctest; sourceTree = BUILT_PRODUCTS_DIR; };
		A533849E2A40CE260057F231 /* Habit_Flow_V2UITests.swift */ = {isa = PBXFileReference; lastKnownFileType = sourcecode.swift; path = Habit_Flow_V2UITests.swift; sourceTree = "<group>"; };
		A53384A02A40CE260057F231 /* Habit_Flow_V2UITestsLaunchTests.swift */ = {isa = PBXFileReference; lastKnownFileType = sourcecode.swift; path = Habit_Flow_V2UITestsLaunchTests.swift; sourceTree = "<group>"; };
		A53384AE2A40CEA70057F231 /* Model.xcdatamodel */ = {isa = PBXFileReference; lastKnownFileType = wrapper.xcdatamodel; path = Model.xcdatamodel; sourceTree = "<group>"; };
		A53384B02A40CF3D0057F231 /* DataController.swift */ = {isa = PBXFileReference; lastKnownFileType = sourcecode.swift; path = DataController.swift; sourceTree = "<group>"; };
		A53384B32A40E9A60057F231 /* ToDosViewModel.swift */ = {isa = PBXFileReference; lastKnownFileType = sourcecode.swift; path = ToDosViewModel.swift; sourceTree = "<group>"; };
		A53384B62A40F2080057F231 /* NavigationBarView.swift */ = {isa = PBXFileReference; lastKnownFileType = sourcecode.swift; path = NavigationBarView.swift; sourceTree = "<group>"; };
		A53384B92A40F23C0057F231 /* HomeView.swift */ = {isa = PBXFileReference; lastKnownFileType = sourcecode.swift; path = HomeView.swift; sourceTree = "<group>"; };
		A53384BB2A40F2AA0057F231 /* DailyHabitsComponent.swift */ = {isa = PBXFileReference; lastKnownFileType = sourcecode.swift; path = DailyHabitsComponent.swift; sourceTree = "<group>"; };
		A53384C02A40F3340057F231 /* CalendarView.swift */ = {isa = PBXFileReference; lastKnownFileType = sourcecode.swift; path = CalendarView.swift; sourceTree = "<group>"; };
		A53384C32A40F3FA0057F231 /* PrimaryButton.swift */ = {isa = PBXFileReference; lastKnownFileType = sourcecode.swift; path = PrimaryButton.swift; sourceTree = "<group>"; };
		A53384C82A40F7860057F231 /* ItemModel.swift */ = {isa = PBXFileReference; lastKnownFileType = sourcecode.swift; path = ItemModel.swift; sourceTree = "<group>"; };
		A53384CA2A40F8110057F231 /* CircularProgressView.swift */ = {isa = PBXFileReference; lastKnownFileType = sourcecode.swift; path = CircularProgressView.swift; sourceTree = "<group>"; };
		A53384CD2A40F8E40057F231 /* HabitView.swift */ = {isa = PBXFileReference; lastKnownFileType = sourcecode.swift; path = HabitView.swift; sourceTree = "<group>"; };
		A53384D02A40F98F0057F231 /* ToDoListView.swift */ = {isa = PBXFileReference; lastKnownFileType = sourcecode.swift; path = ToDoListView.swift; sourceTree = "<group>"; };
		A53384D22A40F9B90057F231 /* ListRowView.swift */ = {isa = PBXFileReference; lastKnownFileType = sourcecode.swift; path = ListRowView.swift; sourceTree = "<group>"; };
		A53384E72A4104130057F231 /* ToDo+CoreDataClass.swift */ = {isa = PBXFileReference; lastKnownFileType = sourcecode.swift; path = "ToDo+CoreDataClass.swift"; sourceTree = "<group>"; };
		A53384E82A4104130057F231 /* ToDo+CoreDataProperties.swift */ = {isa = PBXFileReference; lastKnownFileType = sourcecode.swift; path = "ToDo+CoreDataProperties.swift"; sourceTree = "<group>"; };
		A53384E92A4104130057F231 /* Appointment+CoreDataClass.swift */ = {isa = PBXFileReference; lastKnownFileType = sourcecode.swift; path = "Appointment+CoreDataClass.swift"; sourceTree = "<group>"; };
		A53384EA2A4104130057F231 /* Appointment+CoreDataProperties.swift */ = {isa = PBXFileReference; lastKnownFileType = sourcecode.swift; path = "Appointment+CoreDataProperties.swift"; sourceTree = "<group>"; };
		A53384EB2A4104130057F231 /* User+CoreDataClass.swift */ = {isa = PBXFileReference; lastKnownFileType = sourcecode.swift; path = "User+CoreDataClass.swift"; sourceTree = "<group>"; };
		A53384EC2A4104130057F231 /* User+CoreDataProperties.swift */ = {isa = PBXFileReference; lastKnownFileType = sourcecode.swift; path = "User+CoreDataProperties.swift"; sourceTree = "<group>"; };
		A53A41302A41161E008D64D2 /* ToDoTodayComponent.swift */ = {isa = PBXFileReference; lastKnownFileType = sourcecode.swift; path = ToDoTodayComponent.swift; sourceTree = "<group>"; };
		A53A41322A41170A008D64D2 /* WeeklyOverview.swift */ = {isa = PBXFileReference; lastKnownFileType = sourcecode.swift; path = WeeklyOverview.swift; sourceTree = "<group>"; };
		A53A41342A412D3C008D64D2 /* HabitViewModel.swift */ = {isa = PBXFileReference; lastKnownFileType = sourcecode.swift; path = HabitViewModel.swift; sourceTree = "<group>"; };
		A59693602A43C3D6003CF220 /* NavigationBarViewModel.swift */ = {isa = PBXFileReference; lastKnownFileType = sourcecode.swift; path = NavigationBarViewModel.swift; sourceTree = "<group>"; };
		A59693622A43CB23003CF220 /* CalendarViewModel.swift */ = {isa = PBXFileReference; lastKnownFileType = sourcecode.swift; path = CalendarViewModel.swift; sourceTree = "<group>"; };
		A5B493E52A77E9010055B140 /* SingleTodayToDo.swift */ = {isa = PBXFileReference; lastKnownFileType = sourcecode.swift; path = SingleTodayToDo.swift; sourceTree = "<group>"; };
		A5B9707D2A70501D0039A193 /* HabitTile.swift */ = {isa = PBXFileReference; lastKnownFileType = sourcecode.swift; path = HabitTile.swift; sourceTree = "<group>"; };
		A5DAC60D2A7952BD00BD4CAA /* Habit+CoreDataClass.swift */ = {isa = PBXFileReference; lastKnownFileType = sourcecode.swift; path = "Habit+CoreDataClass.swift"; sourceTree = SOURCE_ROOT; };
		A5DAC60E2A7952BD00BD4CAA /* Habit+CoreDataProperties.swift */ = {isa = PBXFileReference; lastKnownFileType = sourcecode.swift; path = "Habit+CoreDataProperties.swift"; sourceTree = SOURCE_ROOT; };
		C5043B322A76BAF2008A5CC2 /* WeekPicker.swift */ = {isa = PBXFileReference; lastKnownFileType = sourcecode.swift; path = WeekPicker.swift; sourceTree = "<group>"; };
		C5043B362A770A7F008A5CC2 /* TestView.swift */ = {isa = PBXFileReference; lastKnownFileType = sourcecode.swift; path = TestView.swift; sourceTree = "<group>"; };
		C537D7432A781E4A006F2D61 /* CircularMonthProgressView.swift */ = {isa = PBXFileReference; lastKnownFileType = sourcecode.swift; path = CircularMonthProgressView.swift; sourceTree = "<group>"; };
		C537D7452A783AED006F2D61 /* CircularYearProgressView.swift */ = {isa = PBXFileReference; lastKnownFileType = sourcecode.swift; path = CircularYearProgressView.swift; sourceTree = "<group>"; };
		C5444A2C2A560F23002D05EA /* CalenderList.swift */ = {isa = PBXFileReference; lastKnownFileType = sourcecode.swift; path = CalenderList.swift; sourceTree = "<group>"; };
		C56DB1162A844F3200F5D1FE /* EditHabitSheetView.swift */ = {isa = PBXFileReference; lastKnownFileType = sourcecode.swift; path = EditHabitSheetView.swift; sourceTree = "<group>"; };
/* End PBXFileReference section */

/* Begin PBXFrameworksBuildPhase section */
		A533847D2A40CE210057F231 /* Frameworks */ = {
			isa = PBXFrameworksBuildPhase;
			buildActionMask = 2147483647;
			files = (
			);
			runOnlyForDeploymentPostprocessing = 0;
		};
		A533848D2A40CE260057F231 /* Frameworks */ = {
			isa = PBXFrameworksBuildPhase;
			buildActionMask = 2147483647;
			files = (
			);
			runOnlyForDeploymentPostprocessing = 0;
		};
		A53384972A40CE260057F231 /* Frameworks */ = {
			isa = PBXFrameworksBuildPhase;
			buildActionMask = 2147483647;
			files = (
			);
			runOnlyForDeploymentPostprocessing = 0;
		};
/* End PBXFrameworksBuildPhase section */

/* Begin PBXGroup section */
		A51F03192A70A4E300210E38 /* Customized TabBar */ = {
			isa = PBXGroup;
			children = (
				A51F031A2A70A53400210E38 /* TabItemData.swift */,
				A51F031C2A70A62400210E38 /* TabItemView.swift */,
				A51F03172A70A48200210E38 /* TabBarView.swift */,
			);
			path = "Customized TabBar";
			sourceTree = "<group>";
		};
		A53384772A40CE210057F231 = {
			isa = PBXGroup;
			children = (
				A53384822A40CE210057F231 /* Habit_Flow_V2 */,
				A53384932A40CE260057F231 /* Habit_Flow_V2Tests */,
				A533849D2A40CE260057F231 /* Habit_Flow_V2UITests */,
				A53384812A40CE210057F231 /* Products */,
			);
			sourceTree = "<group>";
		};
		A53384812A40CE210057F231 /* Products */ = {
			isa = PBXGroup;
			children = (
				A53384802A40CE210057F231 /* Habit_Flow_V2.app */,
				A53384902A40CE260057F231 /* Habit_Flow_V2Tests.xctest */,
				A533849A2A40CE260057F231 /* Habit_Flow_V2UITests.xctest */,
			);
			name = Products;
			sourceTree = "<group>";
		};
		A53384822A40CE210057F231 /* Habit_Flow_V2 */ = {
			isa = PBXGroup;
			children = (
				A53384832A40CE210057F231 /* Habit_Flow_V2App.swift */,
				5F20CEEA2A7AC18F005230BC /* AppDelegate.swift */,
				5F20CEEC2A7AC42B005230BC /* NotificationManager.swift */,
				A53384C22A40F3D20057F231 /* Components */,
				A53384B52A40F1C00057F231 /* Views */,
				A53384B22A40E98C0057F231 /* ViewModels */,
				A53384C72A40F7760057F231 /* Models */,
				A53384B02A40CF3D0057F231 /* DataController.swift */,
				A53384F72A41046A0057F231 /* CoreData */,
				A53384872A40CE250057F231 /* Assets.xcassets */,
				A53384892A40CE250057F231 /* Preview Content */,
			);
			path = Habit_Flow_V2;
			sourceTree = "<group>";
		};
		A53384892A40CE250057F231 /* Preview Content */ = {
			isa = PBXGroup;
			children = (
				A533848A2A40CE250057F231 /* Preview Assets.xcassets */,
			);
			path = "Preview Content";
			sourceTree = "<group>";
		};
		A53384932A40CE260057F231 /* Habit_Flow_V2Tests */ = {
			isa = PBXGroup;
			children = (
				A53384942A40CE260057F231 /* Habit_Flow_V2Tests.swift */,
			);
			path = Habit_Flow_V2Tests;
			sourceTree = "<group>";
		};
		A533849D2A40CE260057F231 /* Habit_Flow_V2UITests */ = {
			isa = PBXGroup;
			children = (
				A533849E2A40CE260057F231 /* Habit_Flow_V2UITests.swift */,
				A53384A02A40CE260057F231 /* Habit_Flow_V2UITestsLaunchTests.swift */,
			);
			path = Habit_Flow_V2UITests;
			sourceTree = "<group>";
		};
		A53384B22A40E98C0057F231 /* ViewModels */ = {
			isa = PBXGroup;
			children = (
				A53384B32A40E9A60057F231 /* ToDosViewModel.swift */,
				A53A41342A412D3C008D64D2 /* HabitViewModel.swift */,
				A59693602A43C3D6003CF220 /* NavigationBarViewModel.swift */,
				A59693622A43CB23003CF220 /* CalendarViewModel.swift */,
			);
			path = ViewModels;
			sourceTree = "<group>";
		};
		A53384B52A40F1C00057F231 /* Views */ = {
			isa = PBXGroup;
			children = (
				A53384852A40CE210057F231 /* ContentView.swift */,
				A53384B62A40F2080057F231 /* NavigationBarView.swift */,
				5FFA70752A5573DC006B313F /* AddToDoSheetView.swift */,
				5FFA70772A5577D7006B313F /* AddHabitSheetView.swift */,
				C56DB1162A844F3200F5D1FE /* EditHabitSheetView.swift */,
				5F4A080C2A55A24D009D1AED /* AddCalendarSheetView.swift */,
				A53384BF2A40F2F40057F231 /* Calendar */,
				A53384CC2A40F8D50057F231 /* Habits */,
				A53384B82A40F2240057F231 /* Home */,
				A53384CF2A40F9400057F231 /* ToDos */,
			);
			path = Views;
			sourceTree = "<group>";
		};
		A53384B82A40F2240057F231 /* Home */ = {
			isa = PBXGroup;
			children = (
				A53384B92A40F23C0057F231 /* HomeView.swift */,
				A53A41322A41170A008D64D2 /* WeeklyOverview.swift */,
				A53A41302A41161E008D64D2 /* ToDoTodayComponent.swift */,
				A5B493E52A77E9010055B140 /* SingleTodayToDo.swift */,
				A53384BB2A40F2AA0057F231 /* DailyHabitsComponent.swift */,
			);
			path = Home;
			sourceTree = "<group>";
		};
		A53384BF2A40F2F40057F231 /* Calendar */ = {
			isa = PBXGroup;
			children = (
				A53384C02A40F3340057F231 /* CalendarView.swift */,
			);
			path = Calendar;
			sourceTree = "<group>";
		};
		A53384C22A40F3D20057F231 /* Components */ = {
			isa = PBXGroup;
			children = (
				A51F03192A70A4E300210E38 /* Customized TabBar */,
				A53384C32A40F3FA0057F231 /* PrimaryButton.swift */,
				A53384CA2A40F8110057F231 /* CircularProgressView.swift */,
				C5444A2C2A560F23002D05EA /* CalenderList.swift */,
				A5B9707D2A70501D0039A193 /* HabitTile.swift */,
				C5043B322A76BAF2008A5CC2 /* WeekPicker.swift */,
				C5043B362A770A7F008A5CC2 /* TestView.swift */,
				C537D7432A781E4A006F2D61 /* CircularMonthProgressView.swift */,
				C537D7452A783AED006F2D61 /* CircularYearProgressView.swift */,
			);
			path = Components;
			sourceTree = "<group>";
		};
		A53384C72A40F7760057F231 /* Models */ = {
			isa = PBXGroup;
			children = (
				A53384AD2A40CEA70057F231 /* Model.xcdatamodeld */,
				A53384C82A40F7860057F231 /* ItemModel.swift */,
				5FE7AADE2A56C54500C03E3F /* HabitModel.swift */,
			);
			path = Models;
			sourceTree = "<group>";
		};
		A53384CC2A40F8D50057F231 /* Habits */ = {
			isa = PBXGroup;
			children = (
				A53384CD2A40F8E40057F231 /* HabitView.swift */,
			);
			path = Habits;
			sourceTree = "<group>";
		};
		A53384CF2A40F9400057F231 /* ToDos */ = {
			isa = PBXGroup;
			children = (
				A53384D02A40F98F0057F231 /* ToDoListView.swift */,
				A53384D22A40F9B90057F231 /* ListRowView.swift */,
			);
			path = ToDos;
			sourceTree = "<group>";
		};
		A53384F72A41046A0057F231 /* CoreData */ = {
			isa = PBXGroup;
			children = (
				A5DAC60D2A7952BD00BD4CAA /* Habit+CoreDataClass.swift */,
				A5DAC60E2A7952BD00BD4CAA /* Habit+CoreDataProperties.swift */,
				A53384E72A4104130057F231 /* ToDo+CoreDataClass.swift */,
				A53384E82A4104130057F231 /* ToDo+CoreDataProperties.swift */,
				A53384E92A4104130057F231 /* Appointment+CoreDataClass.swift */,
				A53384EA2A4104130057F231 /* Appointment+CoreDataProperties.swift */,
				A53384EB2A4104130057F231 /* User+CoreDataClass.swift */,
				A53384EC2A4104130057F231 /* User+CoreDataProperties.swift */,
			);
			path = CoreData;
			sourceTree = "<group>";
		};
/* End PBXGroup section */

/* Begin PBXNativeTarget section */
		A533847F2A40CE210057F231 /* Habit_Flow_V2 */ = {
			isa = PBXNativeTarget;
			buildConfigurationList = A53384A42A40CE260057F231 /* Build configuration list for PBXNativeTarget "Habit_Flow_V2" */;
			buildPhases = (
				A533847C2A40CE210057F231 /* Sources */,
				A533847D2A40CE210057F231 /* Frameworks */,
				A533847E2A40CE210057F231 /* Resources */,
			);
			buildRules = (
			);
			dependencies = (
			);
			name = Habit_Flow_V2;
			productName = Habit_Flow_V2;
			productReference = A53384802A40CE210057F231 /* Habit_Flow_V2.app */;
			productType = "com.apple.product-type.application";
		};
		A533848F2A40CE260057F231 /* Habit_Flow_V2Tests */ = {
			isa = PBXNativeTarget;
			buildConfigurationList = A53384A72A40CE260057F231 /* Build configuration list for PBXNativeTarget "Habit_Flow_V2Tests" */;
			buildPhases = (
				A533848C2A40CE260057F231 /* Sources */,
				A533848D2A40CE260057F231 /* Frameworks */,
				A533848E2A40CE260057F231 /* Resources */,
			);
			buildRules = (
			);
			dependencies = (
				A53384922A40CE260057F231 /* PBXTargetDependency */,
			);
			name = Habit_Flow_V2Tests;
			productName = Habit_Flow_V2Tests;
			productReference = A53384902A40CE260057F231 /* Habit_Flow_V2Tests.xctest */;
			productType = "com.apple.product-type.bundle.unit-test";
		};
		A53384992A40CE260057F231 /* Habit_Flow_V2UITests */ = {
			isa = PBXNativeTarget;
			buildConfigurationList = A53384AA2A40CE260057F231 /* Build configuration list for PBXNativeTarget "Habit_Flow_V2UITests" */;
			buildPhases = (
				A53384962A40CE260057F231 /* Sources */,
				A53384972A40CE260057F231 /* Frameworks */,
				A53384982A40CE260057F231 /* Resources */,
			);
			buildRules = (
			);
			dependencies = (
				A533849C2A40CE260057F231 /* PBXTargetDependency */,
			);
			name = Habit_Flow_V2UITests;
			productName = Habit_Flow_V2UITests;
			productReference = A533849A2A40CE260057F231 /* Habit_Flow_V2UITests.xctest */;
			productType = "com.apple.product-type.bundle.ui-testing";
		};
/* End PBXNativeTarget section */

/* Begin PBXProject section */
		A53384782A40CE210057F231 /* Project object */ = {
			isa = PBXProject;
			attributes = {
				BuildIndependentTargetsInParallel = 1;
				LastSwiftUpdateCheck = 1430;
				LastUpgradeCheck = 1430;
				TargetAttributes = {
					A533847F2A40CE210057F231 = {
						CreatedOnToolsVersion = 14.3;
					};
					A533848F2A40CE260057F231 = {
						CreatedOnToolsVersion = 14.3;
						TestTargetID = A533847F2A40CE210057F231;
					};
					A53384992A40CE260057F231 = {
						CreatedOnToolsVersion = 14.3;
						TestTargetID = A533847F2A40CE210057F231;
					};
				};
			};
			buildConfigurationList = A533847B2A40CE210057F231 /* Build configuration list for PBXProject "Habit_Flow_V2" */;
			compatibilityVersion = "Xcode 14.0";
			developmentRegion = en;
			hasScannedForEncodings = 0;
			knownRegions = (
				en,
				Base,
			);
			mainGroup = A53384772A40CE210057F231;
			productRefGroup = A53384812A40CE210057F231 /* Products */;
			projectDirPath = "";
			projectRoot = "";
			targets = (
				A533847F2A40CE210057F231 /* Habit_Flow_V2 */,
				A533848F2A40CE260057F231 /* Habit_Flow_V2Tests */,
				A53384992A40CE260057F231 /* Habit_Flow_V2UITests */,
			);
		};
/* End PBXProject section */

/* Begin PBXResourcesBuildPhase section */
		A533847E2A40CE210057F231 /* Resources */ = {
			isa = PBXResourcesBuildPhase;
			buildActionMask = 2147483647;
			files = (
				A533848B2A40CE250057F231 /* Preview Assets.xcassets in Resources */,
				A53384882A40CE250057F231 /* Assets.xcassets in Resources */,
			);
			runOnlyForDeploymentPostprocessing = 0;
		};
		A533848E2A40CE260057F231 /* Resources */ = {
			isa = PBXResourcesBuildPhase;
			buildActionMask = 2147483647;
			files = (
			);
			runOnlyForDeploymentPostprocessing = 0;
		};
		A53384982A40CE260057F231 /* Resources */ = {
			isa = PBXResourcesBuildPhase;
			buildActionMask = 2147483647;
			files = (
			);
			runOnlyForDeploymentPostprocessing = 0;
		};
/* End PBXResourcesBuildPhase section */

/* Begin PBXSourcesBuildPhase section */
		A533847C2A40CE210057F231 /* Sources */ = {
			isa = PBXSourcesBuildPhase;
			buildActionMask = 2147483647;
			files = (
				5F20CEEB2A7AC18F005230BC /* AppDelegate.swift in Sources */,
				A5B493E62A77E9010055B140 /* SingleTodayToDo.swift in Sources */,
				A5B9707E2A70501D0039A193 /* HabitTile.swift in Sources */,
				A51F031B2A70A53400210E38 /* TabItemData.swift in Sources */,
				A53384F02A4104130057F231 /* ToDo+CoreDataProperties.swift in Sources */,
				A53384C12A40F3340057F231 /* CalendarView.swift in Sources */,
				A53384C92A40F7860057F231 /* ItemModel.swift in Sources */,
				A51F03182A70A48200210E38 /* TabBarView.swift in Sources */,
				A53384C42A40F3FA0057F231 /* PrimaryButton.swift in Sources */,
				A53384F22A4104130057F231 /* Appointment+CoreDataProperties.swift in Sources */,
				C5444A2D2A560F23002D05EA /* CalenderList.swift in Sources */,
				5F20CEED2A7AC42B005230BC /* NotificationManager.swift in Sources */,
				A59693612A43C3D6003CF220 /* NavigationBarViewModel.swift in Sources */,
				A53384B42A40E9A60057F231 /* ToDosViewModel.swift in Sources */,
				A51F031D2A70A62400210E38 /* TabItemView.swift in Sources */,
				A53384BA2A40F23C0057F231 /* HomeView.swift in Sources */,
				A5DAC6102A7952BD00BD4CAA /* Habit+CoreDataProperties.swift in Sources */,
				A53A41332A41170A008D64D2 /* WeeklyOverview.swift in Sources */,
				A53384F32A4104130057F231 /* User+CoreDataClass.swift in Sources */,
				A53384862A40CE210057F231 /* ContentView.swift in Sources */,
				A53A41312A41161F008D64D2 /* ToDoTodayComponent.swift in Sources */,
				C5043B332A76BAF2008A5CC2 /* WeekPicker.swift in Sources */,
				A53384B72A40F2080057F231 /* NavigationBarView.swift in Sources */,
				A53384F12A4104130057F231 /* Appointment+CoreDataClass.swift in Sources */,
				A53384B12A40CF3D0057F231 /* DataController.swift in Sources */,
				5FFA70762A5573DC006B313F /* AddToDoSheetView.swift in Sources */,
				5FE7AADF2A56C54500C03E3F /* HabitModel.swift in Sources */,
				A53384D12A40F98F0057F231 /* ToDoListView.swift in Sources */,
				A53384CE2A40F8E40057F231 /* HabitView.swift in Sources */,
				A53384D32A40F9B90057F231 /* ListRowView.swift in Sources */,
				5F4A080D2A55A24D009D1AED /* AddCalendarSheetView.swift in Sources */,
				A53384842A40CE210057F231 /* Habit_Flow_V2App.swift in Sources */,
				5FFA70782A5577D7006B313F /* AddHabitSheetView.swift in Sources */,
				A53384CB2A40F8110057F231 /* CircularProgressView.swift in Sources */,
				C56DB1172A844F3200F5D1FE /* EditHabitSheetView.swift in Sources */,
				A53384F42A4104130057F231 /* User+CoreDataProperties.swift in Sources */,
				A59693632A43CB23003CF220 /* CalendarViewModel.swift in Sources */,
				A53A41352A412D3C008D64D2 /* HabitViewModel.swift in Sources */,
				A5DAC60F2A7952BD00BD4CAA /* Habit+CoreDataClass.swift in Sources */,
				C537D7462A783AED006F2D61 /* CircularYearProgressView.swift in Sources */,
				C5043B372A770A7F008A5CC2 /* TestView.swift in Sources */,
				A53384BC2A40F2AA0057F231 /* DailyHabitsComponent.swift in Sources */,
				A53384AF2A40CEA70057F231 /* Model.xcdatamodeld in Sources */,
				A53384EF2A4104130057F231 /* ToDo+CoreDataClass.swift in Sources */,
				C537D7442A781E4A006F2D61 /* CircularMonthProgressView.swift in Sources */,
			);
			runOnlyForDeploymentPostprocessing = 0;
		};
		A533848C2A40CE260057F231 /* Sources */ = {
			isa = PBXSourcesBuildPhase;
			buildActionMask = 2147483647;
			files = (
				A53384952A40CE260057F231 /* Habit_Flow_V2Tests.swift in Sources */,
			);
			runOnlyForDeploymentPostprocessing = 0;
		};
		A53384962A40CE260057F231 /* Sources */ = {
			isa = PBXSourcesBuildPhase;
			buildActionMask = 2147483647;
			files = (
				A533849F2A40CE260057F231 /* Habit_Flow_V2UITests.swift in Sources */,
				A53384A12A40CE260057F231 /* Habit_Flow_V2UITestsLaunchTests.swift in Sources */,
			);
			runOnlyForDeploymentPostprocessing = 0;
		};
/* End PBXSourcesBuildPhase section */

/* Begin PBXTargetDependency section */
		A53384922A40CE260057F231 /* PBXTargetDependency */ = {
			isa = PBXTargetDependency;
			target = A533847F2A40CE210057F231 /* Habit_Flow_V2 */;
			targetProxy = A53384912A40CE260057F231 /* PBXContainerItemProxy */;
		};
		A533849C2A40CE260057F231 /* PBXTargetDependency */ = {
			isa = PBXTargetDependency;
			target = A533847F2A40CE210057F231 /* Habit_Flow_V2 */;
			targetProxy = A533849B2A40CE260057F231 /* PBXContainerItemProxy */;
		};
/* End PBXTargetDependency section */

/* Begin XCBuildConfiguration section */
		A53384A22A40CE260057F231 /* Debug */ = {
			isa = XCBuildConfiguration;
			buildSettings = {
				ALWAYS_SEARCH_USER_PATHS = NO;
				CLANG_ANALYZER_NONNULL = YES;
				CLANG_ANALYZER_NUMBER_OBJECT_CONVERSION = YES_AGGRESSIVE;
				CLANG_CXX_LANGUAGE_STANDARD = "gnu++20";
				CLANG_ENABLE_MODULES = YES;
				CLANG_ENABLE_OBJC_ARC = YES;
				CLANG_ENABLE_OBJC_WEAK = YES;
				CLANG_WARN_BLOCK_CAPTURE_AUTORELEASING = YES;
				CLANG_WARN_BOOL_CONVERSION = YES;
				CLANG_WARN_COMMA = YES;
				CLANG_WARN_CONSTANT_CONVERSION = YES;
				CLANG_WARN_DEPRECATED_OBJC_IMPLEMENTATIONS = YES;
				CLANG_WARN_DIRECT_OBJC_ISA_USAGE = YES_ERROR;
				CLANG_WARN_DOCUMENTATION_COMMENTS = YES;
				CLANG_WARN_EMPTY_BODY = YES;
				CLANG_WARN_ENUM_CONVERSION = YES;
				CLANG_WARN_INFINITE_RECURSION = YES;
				CLANG_WARN_INT_CONVERSION = YES;
				CLANG_WARN_NON_LITERAL_NULL_CONVERSION = YES;
				CLANG_WARN_OBJC_IMPLICIT_RETAIN_SELF = YES;
				CLANG_WARN_OBJC_LITERAL_CONVERSION = YES;
				CLANG_WARN_OBJC_ROOT_CLASS = YES_ERROR;
				CLANG_WARN_QUOTED_INCLUDE_IN_FRAMEWORK_HEADER = YES;
				CLANG_WARN_RANGE_LOOP_ANALYSIS = YES;
				CLANG_WARN_STRICT_PROTOTYPES = YES;
				CLANG_WARN_SUSPICIOUS_MOVE = YES;
				CLANG_WARN_UNGUARDED_AVAILABILITY = YES_AGGRESSIVE;
				CLANG_WARN_UNREACHABLE_CODE = YES;
				CLANG_WARN__DUPLICATE_METHOD_MATCH = YES;
				COPY_PHASE_STRIP = NO;
				DEBUG_INFORMATION_FORMAT = dwarf;
				ENABLE_STRICT_OBJC_MSGSEND = YES;
				ENABLE_TESTABILITY = YES;
				GCC_C_LANGUAGE_STANDARD = gnu11;
				GCC_DYNAMIC_NO_PIC = NO;
				GCC_NO_COMMON_BLOCKS = YES;
				GCC_OPTIMIZATION_LEVEL = 0;
				GCC_PREPROCESSOR_DEFINITIONS = (
					"DEBUG=1",
					"$(inherited)",
				);
				GCC_WARN_64_TO_32_BIT_CONVERSION = YES;
				GCC_WARN_ABOUT_RETURN_TYPE = YES_ERROR;
				GCC_WARN_UNDECLARED_SELECTOR = YES;
				GCC_WARN_UNINITIALIZED_AUTOS = YES_AGGRESSIVE;
				GCC_WARN_UNUSED_FUNCTION = YES;
				GCC_WARN_UNUSED_VARIABLE = YES;
				IPHONEOS_DEPLOYMENT_TARGET = 16.4;
				MTL_ENABLE_DEBUG_INFO = INCLUDE_SOURCE;
				MTL_FAST_MATH = YES;
				ONLY_ACTIVE_ARCH = YES;
				SDKROOT = iphoneos;
				SWIFT_ACTIVE_COMPILATION_CONDITIONS = DEBUG;
				SWIFT_OPTIMIZATION_LEVEL = "-Onone";
			};
			name = Debug;
		};
		A53384A32A40CE260057F231 /* Release */ = {
			isa = XCBuildConfiguration;
			buildSettings = {
				ALWAYS_SEARCH_USER_PATHS = NO;
				CLANG_ANALYZER_NONNULL = YES;
				CLANG_ANALYZER_NUMBER_OBJECT_CONVERSION = YES_AGGRESSIVE;
				CLANG_CXX_LANGUAGE_STANDARD = "gnu++20";
				CLANG_ENABLE_MODULES = YES;
				CLANG_ENABLE_OBJC_ARC = YES;
				CLANG_ENABLE_OBJC_WEAK = YES;
				CLANG_WARN_BLOCK_CAPTURE_AUTORELEASING = YES;
				CLANG_WARN_BOOL_CONVERSION = YES;
				CLANG_WARN_COMMA = YES;
				CLANG_WARN_CONSTANT_CONVERSION = YES;
				CLANG_WARN_DEPRECATED_OBJC_IMPLEMENTATIONS = YES;
				CLANG_WARN_DIRECT_OBJC_ISA_USAGE = YES_ERROR;
				CLANG_WARN_DOCUMENTATION_COMMENTS = YES;
				CLANG_WARN_EMPTY_BODY = YES;
				CLANG_WARN_ENUM_CONVERSION = YES;
				CLANG_WARN_INFINITE_RECURSION = YES;
				CLANG_WARN_INT_CONVERSION = YES;
				CLANG_WARN_NON_LITERAL_NULL_CONVERSION = YES;
				CLANG_WARN_OBJC_IMPLICIT_RETAIN_SELF = YES;
				CLANG_WARN_OBJC_LITERAL_CONVERSION = YES;
				CLANG_WARN_OBJC_ROOT_CLASS = YES_ERROR;
				CLANG_WARN_QUOTED_INCLUDE_IN_FRAMEWORK_HEADER = YES;
				CLANG_WARN_RANGE_LOOP_ANALYSIS = YES;
				CLANG_WARN_STRICT_PROTOTYPES = YES;
				CLANG_WARN_SUSPICIOUS_MOVE = YES;
				CLANG_WARN_UNGUARDED_AVAILABILITY = YES_AGGRESSIVE;
				CLANG_WARN_UNREACHABLE_CODE = YES;
				CLANG_WARN__DUPLICATE_METHOD_MATCH = YES;
				COPY_PHASE_STRIP = NO;
				DEBUG_INFORMATION_FORMAT = "dwarf-with-dsym";
				ENABLE_NS_ASSERTIONS = NO;
				ENABLE_STRICT_OBJC_MSGSEND = YES;
				GCC_C_LANGUAGE_STANDARD = gnu11;
				GCC_NO_COMMON_BLOCKS = YES;
				GCC_WARN_64_TO_32_BIT_CONVERSION = YES;
				GCC_WARN_ABOUT_RETURN_TYPE = YES_ERROR;
				GCC_WARN_UNDECLARED_SELECTOR = YES;
				GCC_WARN_UNINITIALIZED_AUTOS = YES_AGGRESSIVE;
				GCC_WARN_UNUSED_FUNCTION = YES;
				GCC_WARN_UNUSED_VARIABLE = YES;
				IPHONEOS_DEPLOYMENT_TARGET = 16.4;
				MTL_ENABLE_DEBUG_INFO = NO;
				MTL_FAST_MATH = YES;
				SDKROOT = iphoneos;
				SWIFT_COMPILATION_MODE = wholemodule;
				SWIFT_OPTIMIZATION_LEVEL = "-O";
				VALIDATE_PRODUCT = YES;
			};
			name = Release;
		};
		A53384A52A40CE260057F231 /* Debug */ = {
			isa = XCBuildConfiguration;
			buildSettings = {
				ASSETCATALOG_COMPILER_APPICON_NAME = AppIcon;
				ASSETCATALOG_COMPILER_GLOBAL_ACCENT_COLOR_NAME = AccentColor;
				CODE_SIGN_STYLE = Automatic;
				CURRENT_PROJECT_VERSION = 1;
				DEVELOPMENT_ASSET_PATHS = "\"Habit_Flow_V2/Preview Content\"";
				ENABLE_PREVIEWS = YES;
				GENERATE_INFOPLIST_FILE = YES;
				INFOPLIST_KEY_UIApplicationSceneManifest_Generation = YES;
				INFOPLIST_KEY_UIApplicationSupportsIndirectInputEvents = YES;
				INFOPLIST_KEY_UILaunchScreen_Generation = YES;
				INFOPLIST_KEY_UISupportedInterfaceOrientations_iPad = "UIInterfaceOrientationPortrait UIInterfaceOrientationPortraitUpsideDown UIInterfaceOrientationLandscapeLeft UIInterfaceOrientationLandscapeRight";
				INFOPLIST_KEY_UISupportedInterfaceOrientations_iPhone = "UIInterfaceOrientationPortrait UIInterfaceOrientationLandscapeLeft UIInterfaceOrientationLandscapeRight";
				LD_RUNPATH_SEARCH_PATHS = (
					"$(inherited)",
					"@executable_path/Frameworks",
				);
				MARKETING_VERSION = 1.0;
				PRODUCT_BUNDLE_IDENTIFIER = "de.hsrm.mi.Habit-Flow-V2";
				PRODUCT_NAME = "$(TARGET_NAME)";
				SWIFT_EMIT_LOC_STRINGS = YES;
				SWIFT_VERSION = 5.0;
				TARGETED_DEVICE_FAMILY = "1,2";
			};
			name = Debug;
		};
		A53384A62A40CE260057F231 /* Release */ = {
			isa = XCBuildConfiguration;
			buildSettings = {
				ASSETCATALOG_COMPILER_APPICON_NAME = AppIcon;
				ASSETCATALOG_COMPILER_GLOBAL_ACCENT_COLOR_NAME = AccentColor;
				CODE_SIGN_STYLE = Automatic;
				CURRENT_PROJECT_VERSION = 1;
				DEVELOPMENT_ASSET_PATHS = "\"Habit_Flow_V2/Preview Content\"";
				ENABLE_PREVIEWS = YES;
				GENERATE_INFOPLIST_FILE = YES;
				INFOPLIST_KEY_UIApplicationSceneManifest_Generation = YES;
				INFOPLIST_KEY_UIApplicationSupportsIndirectInputEvents = YES;
				INFOPLIST_KEY_UILaunchScreen_Generation = YES;
				INFOPLIST_KEY_UISupportedInterfaceOrientations_iPad = "UIInterfaceOrientationPortrait UIInterfaceOrientationPortraitUpsideDown UIInterfaceOrientationLandscapeLeft UIInterfaceOrientationLandscapeRight";
				INFOPLIST_KEY_UISupportedInterfaceOrientations_iPhone = "UIInterfaceOrientationPortrait UIInterfaceOrientationLandscapeLeft UIInterfaceOrientationLandscapeRight";
				LD_RUNPATH_SEARCH_PATHS = (
					"$(inherited)",
					"@executable_path/Frameworks",
				);
				MARKETING_VERSION = 1.0;
				PRODUCT_BUNDLE_IDENTIFIER = "de.hsrm.mi.Habit-Flow-V2";
				PRODUCT_NAME = "$(TARGET_NAME)";
				SWIFT_EMIT_LOC_STRINGS = YES;
				SWIFT_VERSION = 5.0;
				TARGETED_DEVICE_FAMILY = "1,2";
			};
			name = Release;
		};
		A53384A82A40CE260057F231 /* Debug */ = {
			isa = XCBuildConfiguration;
			buildSettings = {
				ALWAYS_EMBED_SWIFT_STANDARD_LIBRARIES = YES;
				BUNDLE_LOADER = "$(TEST_HOST)";
				CODE_SIGN_STYLE = Automatic;
				CURRENT_PROJECT_VERSION = 1;
				GENERATE_INFOPLIST_FILE = YES;
				IPHONEOS_DEPLOYMENT_TARGET = 16.4;
				MARKETING_VERSION = 1.0;
				PRODUCT_BUNDLE_IDENTIFIER = "de.hsrm.mi.Habit-Flow-V2Tests";
				PRODUCT_NAME = "$(TARGET_NAME)";
				SWIFT_EMIT_LOC_STRINGS = NO;
				SWIFT_VERSION = 5.0;
				TARGETED_DEVICE_FAMILY = "1,2";
				TEST_HOST = "$(BUILT_PRODUCTS_DIR)/Habit_Flow_V2.app/$(BUNDLE_EXECUTABLE_FOLDER_PATH)/Habit_Flow_V2";
			};
			name = Debug;
		};
		A53384A92A40CE260057F231 /* Release */ = {
			isa = XCBuildConfiguration;
			buildSettings = {
				ALWAYS_EMBED_SWIFT_STANDARD_LIBRARIES = YES;
				BUNDLE_LOADER = "$(TEST_HOST)";
				CODE_SIGN_STYLE = Automatic;
				CURRENT_PROJECT_VERSION = 1;
				GENERATE_INFOPLIST_FILE = YES;
				IPHONEOS_DEPLOYMENT_TARGET = 16.4;
				MARKETING_VERSION = 1.0;
				PRODUCT_BUNDLE_IDENTIFIER = "de.hsrm.mi.Habit-Flow-V2Tests";
				PRODUCT_NAME = "$(TARGET_NAME)";
				SWIFT_EMIT_LOC_STRINGS = NO;
				SWIFT_VERSION = 5.0;
				TARGETED_DEVICE_FAMILY = "1,2";
				TEST_HOST = "$(BUILT_PRODUCTS_DIR)/Habit_Flow_V2.app/$(BUNDLE_EXECUTABLE_FOLDER_PATH)/Habit_Flow_V2";
			};
			name = Release;
		};
		A53384AB2A40CE260057F231 /* Debug */ = {
			isa = XCBuildConfiguration;
			buildSettings = {
				ALWAYS_EMBED_SWIFT_STANDARD_LIBRARIES = YES;
				CODE_SIGN_STYLE = Automatic;
				CURRENT_PROJECT_VERSION = 1;
				GENERATE_INFOPLIST_FILE = YES;
				MARKETING_VERSION = 1.0;
				PRODUCT_BUNDLE_IDENTIFIER = "de.hsrm.mi.Habit-Flow-V2UITests";
				PRODUCT_NAME = "$(TARGET_NAME)";
				SWIFT_EMIT_LOC_STRINGS = NO;
				SWIFT_VERSION = 5.0;
				TARGETED_DEVICE_FAMILY = "1,2";
				TEST_TARGET_NAME = Habit_Flow_V2;
			};
			name = Debug;
		};
		A53384AC2A40CE260057F231 /* Release */ = {
			isa = XCBuildConfiguration;
			buildSettings = {
				ALWAYS_EMBED_SWIFT_STANDARD_LIBRARIES = YES;
				CODE_SIGN_STYLE = Automatic;
				CURRENT_PROJECT_VERSION = 1;
				GENERATE_INFOPLIST_FILE = YES;
				MARKETING_VERSION = 1.0;
				PRODUCT_BUNDLE_IDENTIFIER = "de.hsrm.mi.Habit-Flow-V2UITests";
				PRODUCT_NAME = "$(TARGET_NAME)";
				SWIFT_EMIT_LOC_STRINGS = NO;
				SWIFT_VERSION = 5.0;
				TARGETED_DEVICE_FAMILY = "1,2";
				TEST_TARGET_NAME = Habit_Flow_V2;
			};
			name = Release;
		};
/* End XCBuildConfiguration section */

/* Begin XCConfigurationList section */
		A533847B2A40CE210057F231 /* Build configuration list for PBXProject "Habit_Flow_V2" */ = {
			isa = XCConfigurationList;
			buildConfigurations = (
				A53384A22A40CE260057F231 /* Debug */,
				A53384A32A40CE260057F231 /* Release */,
			);
			defaultConfigurationIsVisible = 0;
			defaultConfigurationName = Release;
		};
		A53384A42A40CE260057F231 /* Build configuration list for PBXNativeTarget "Habit_Flow_V2" */ = {
			isa = XCConfigurationList;
			buildConfigurations = (
				A53384A52A40CE260057F231 /* Debug */,
				A53384A62A40CE260057F231 /* Release */,
			);
			defaultConfigurationIsVisible = 0;
			defaultConfigurationName = Release;
		};
		A53384A72A40CE260057F231 /* Build configuration list for PBXNativeTarget "Habit_Flow_V2Tests" */ = {
			isa = XCConfigurationList;
			buildConfigurations = (
				A53384A82A40CE260057F231 /* Debug */,
				A53384A92A40CE260057F231 /* Release */,
			);
			defaultConfigurationIsVisible = 0;
			defaultConfigurationName = Release;
		};
		A53384AA2A40CE260057F231 /* Build configuration list for PBXNativeTarget "Habit_Flow_V2UITests" */ = {
			isa = XCConfigurationList;
			buildConfigurations = (
				A53384AB2A40CE260057F231 /* Debug */,
				A53384AC2A40CE260057F231 /* Release */,
			);
			defaultConfigurationIsVisible = 0;
			defaultConfigurationName = Release;
		};
/* End XCConfigurationList section */

/* Begin XCVersionGroup section */
		A53384AD2A40CEA70057F231 /* Model.xcdatamodeld */ = {
			isa = XCVersionGroup;
			children = (
				A53384AE2A40CEA70057F231 /* Model.xcdatamodel */,
			);
			currentVersion = A53384AE2A40CEA70057F231 /* Model.xcdatamodel */;
			path = Model.xcdatamodeld;
			sourceTree = "<group>";
			versionGroupType = wrapper.xcdatamodel;
		};
/* End XCVersionGroup section */
	};
	rootObject = A53384782A40CE210057F231 /* Project object */;
}
